
Microsoft Visual Studio Solution File, Format Version 12.00
# Visual Studio Version 16
VisualStudioVersion = 16.0.34407.143
MinimumVisualStudioVersion = 10.0.40219.1
Project("{9A19103F-16F7-4668-BE54-9A1E7A4F7556}") = "OrdinaryDumpDeduplicator", "OrdinaryDumpDeduplicator\OrdinaryDumpDeduplicator.csproj", "{19C6A612-77F7-4DFE-8330-5F0676ED1C6B}"
EndProject
Project("{9A19103F-16F7-4668-BE54-9A1E7A4F7556}") = "Common", "Common\Common.csproj", "{31045009-0CBB-43EA-9AE2-1A89B1F2B814}"
EndProject
Project("{2150E333-8FDC-42A3-9474-1A3956D46DE8}") = "Desktop", "Desktop", "{63093BA5-66B3-4ED4-9C07-260ABD057EA6}"
EndProject
Project("{FAE04EC0-301F-11D3-BF4B-00C04F79EFBC}") = "OrdinaryDumpDeduplicator.Desktop", "OrdinaryDumpDeduplicator.Desktop\OrdinaryDumpDeduplicator.Desktop.csproj", "{54FDDDD1-4BC1-43A2-9B9D-27CE1AB2C614}"
EndProject
Global
	GlobalSection(SolutionConfigurationPlatforms) = preSolution
		Debug|Any CPU = Debug|Any CPU
		Release|Any CPU = Release|Any CPU
	EndGlobalSection
	GlobalSection(ProjectConfigurationPlatforms) = postSolution
		{19C6A612-77F7-4DFE-8330-5F0676ED1C6B}.Debug|Any CPU.ActiveCfg = Debug|Any CPU
		{19C6A612-77F7-4DFE-8330-5F0676ED1C6B}.Debug|Any CPU.Build.0 = Debug|Any CPU
		{19C6A612-77F7-4DFE-8330-5F0676ED1C6B}.Release|Any CPU.ActiveCfg = Release|Any CPU
		{19C6A612-77F7-4DFE-8330-5F0676ED1C6B}.Release|Any CPU.Build.0 = Release|Any CPU
		{31045009-0CBB-43EA-9AE2-1A89B1F2B814}.Debug|Any CPU.ActiveCfg = Debug|Any CPU
		{31045009-0CBB-43EA-9AE2-1A89B1F2B814}.Debug|Any CPU.Build.0 = Debug|Any CPU
		{31045009-0CBB-43EA-9AE2-1A89B1F2B814}.Release|Any CPU.ActiveCfg = Release|Any CPU
		{31045009-0CBB-43EA-9AE2-1A89B1F2B814}.Release|Any CPU.Build.0 = Release|Any CPU
		{54FDDDD1-4BC1-43A2-9B9D-27CE1AB2C614}.Debug|Any CPU.ActiveCfg = Debug|Any CPU
		{54FDDDD1-4BC1-43A2-9B9D-27CE1AB2C614}.Debug|Any CPU.Build.0 = Debug|Any CPU
		{54FDDDD1-4BC1-43A2-9B9D-27CE1AB2C614}.Release|Any CPU.ActiveCfg = Release|Any CPU
		{54FDDDD1-4BC1-43A2-9B9D-27CE1AB2C614}.Release|Any CPU.Build.0 = Release|Any CPU
	EndGlobalSection
	GlobalSection(SolutionProperties) = preSolution
		HideSolutionNode = FALSE
	EndGlobalSection
	GlobalSection(NestedProjects) = preSolution
		{54FDDDD1-4BC1-43A2-9B9D-27CE1AB2C614} = {63093BA5-66B3-4ED4-9C07-260ABD057EA6}
	EndGlobalSection
	GlobalSection(ExtensibilityGlobals) = postSolution
		SolutionGuid = {4C90734D-F394-4073-81B4-69D014FD00E6}
	EndGlobalSection
EndGlobal
