
Microsoft Visual Studio Solution File, Format Version 12.00
# Visual Studio 15
VisualStudioVersion = 15.0.28307.329
MinimumVisualStudioVersion = 10.0.40219.1
Project("{FAE04EC0-301F-11D3-BF4B-00C04F79EFBC}") = "OrdinaryDumpDeduplicator", "OrdinaryDumpDeduplicator\OrdinaryDumpDeduplicator.csproj", "{19C6A612-77F7-4DFE-8330-5F0676ED1C6B}"
EndProject
Project("{FAE04EC0-301F-11D3-BF4B-00C04F79EFBC}") = "Common", "Common\Common.csproj", "{31045009-0CBB-43EA-9AE2-1A89B1F2B814}"
EndProject
Global
	GlobalSection(SolutionConfigurationPlatforms) = preSolution
		Debug|Any CPU = Debug|Any CPU
		Release|Any CPU = Release|Any CPU
	EndGlobalSection
	GlobalSection(ProjectConfigurationPlatforms) = postSolution
		{19C6A612-77F7-4DFE-8330-5F0676ED1C6B}.Debug|Any CPU.ActiveCfg = Debug|Any CPU
		{19C6A612-77F7-4DFE-8330-5F0676ED1C6B}.Debug|Any CPU.Build.0 = Debug|Any CPU
		{19C6A612-77F7-4DFE-8330-5F0676ED1C6B}.Release|Any CPU.ActiveCfg = Release|Any CPU
		{19C6A612-77F7-4DFE-8330-5F0676ED1C6B}.Release|Any CPU.Build.0 = Release|Any CPU
		{31045009-0CBB-43EA-9AE2-1A89B1F2B814}.Debug|Any CPU.ActiveCfg = Debug|Any CPU
		{31045009-0CBB-43EA-9AE2-1A89B1F2B814}.Debug|Any CPU.Build.0 = Debug|Any CPU
		{31045009-0CBB-43EA-9AE2-1A89B1F2B814}.Release|Any CPU.ActiveCfg = Release|Any CPU
		{31045009-0CBB-43EA-9AE2-1A89B1F2B814}.Release|Any CPU.Build.0 = Release|Any CPU
	EndGlobalSection
	GlobalSection(SolutionProperties) = preSolution
		HideSolutionNode = FALSE
	EndGlobalSection
	GlobalSection(ExtensibilityGlobals) = postSolution
		SolutionGuid = {4C90734D-F394-4073-81B4-69D014FD00E6}
	EndGlobalSection
EndGlobal
